
Microsoft Visual Studio Solution File, Format Version 12.00
Project("{FAE04EC0-301F-11D3-BF4B-00C04F79EFBC}") = "Appointment.specs", "Appointment.specs\Appointment.specs.csproj", "{53D36A39-940F-434B-8F03-BB495E2FB2E6}"
EndProject
Project("{2150E333-8FDC-42A3-9474-1A3956D46DE8}") = "specs", "specs", "{4136553E-8A79-4983-BE09-E2F5D8D6D424}"
EndProject
Project("{FAE04EC0-301F-11D3-BF4B-00C04F79EFBC}") = "Suzianna.Core", "Suzianna.Core\Suzianna.Core.csproj", "{75CC9C00-4348-46D9-AA25-1C2BAF740ECC}"
EndProject
Project("{FAE04EC0-301F-11D3-BF4B-00C04F79EFBC}") = "Suzianna.Reporting", "Suzianna.Reporting\Suzianna.Reporting.csproj", "{F3C3F6A4-82B7-4E8B-9AA8-1C48CED73ACB}"
EndProject
Project("{FAE04EC0-301F-11D3-BF4B-00C04F79EFBC}") = "Suzianna.Rest", "Suzianna.Rest\Suzianna.Rest.csproj", "{3FB507F9-F300-4BC3-98DC-10839C6E35D8}"
EndProject
Project("{FAE04EC0-301F-11D3-BF4B-00C04F79EFBC}") = "Appointment.Application", "Appointment.Application\Appointment.Application.csproj", "{14D89878-1C25-4D88-8EEF-7E49F66E2AAD}"
EndProject
Project("{2150E333-8FDC-42A3-9474-1A3956D46DE8}") = "core", "core", "{87B6A5EE-A71E-45B6-8703-686C69AE29BE}"
EndProject
Project("{FAE04EC0-301F-11D3-BF4B-00C04F79EFBC}") = "DevArt.Core", "DevArt.Core\DevArt.Core.csproj", "{6F932FFF-A9C2-47BC-81AE-063B84B13F40}"
EndProject
Project("{FAE04EC0-301F-11D3-BF4B-00C04F79EFBC}") = "Appointment.Domain", "Appointment.Domain\Appointment.Domain.csproj", "{426B5D1C-D6D6-4DD6-9A5D-73CB5CA61A26}"
EndProject
Project("{FAE04EC0-301F-11D3-BF4B-00C04F79EFBC}") = "Appointment.Domain.Tests", "Appointment.Domain.Tests\Appointment.Domain.Tests.csproj", "{A79EDE4A-4AEB-492B-9C9E-35233DF0C53E}"
EndProject
Project("{FAE04EC0-301F-11D3-BF4B-00C04F79EFBC}") = "Appointment.RestApi", "Appointment.RestApi\Appointment.RestApi.csproj", "{470E9602-C512-4198-B249-99EDCE7AA89C}"
EndProject
Global
	GlobalSection(SolutionConfigurationPlatforms) = preSolution
		Debug|Any CPU = Debug|Any CPU
		Release|Any CPU = Release|Any CPU
	EndGlobalSection
	GlobalSection(ProjectConfigurationPlatforms) = postSolution
		{53D36A39-940F-434B-8F03-BB495E2FB2E6}.Debug|Any CPU.ActiveCfg = Debug|Any CPU
		{53D36A39-940F-434B-8F03-BB495E2FB2E6}.Debug|Any CPU.Build.0 = Debug|Any CPU
		{53D36A39-940F-434B-8F03-BB495E2FB2E6}.Release|Any CPU.ActiveCfg = Release|Any CPU
		{53D36A39-940F-434B-8F03-BB495E2FB2E6}.Release|Any CPU.Build.0 = Release|Any CPU
		{75CC9C00-4348-46D9-AA25-1C2BAF740ECC}.Debug|Any CPU.ActiveCfg = Debug|Any CPU
		{75CC9C00-4348-46D9-AA25-1C2BAF740ECC}.Debug|Any CPU.Build.0 = Debug|Any CPU
		{75CC9C00-4348-46D9-AA25-1C2BAF740ECC}.Release|Any CPU.ActiveCfg = Release|Any CPU
		{75CC9C00-4348-46D9-AA25-1C2BAF740ECC}.Release|Any CPU.Build.0 = Release|Any CPU
		{F3C3F6A4-82B7-4E8B-9AA8-1C48CED73ACB}.Debug|Any CPU.ActiveCfg = Debug|Any CPU
		{F3C3F6A4-82B7-4E8B-9AA8-1C48CED73ACB}.Debug|Any CPU.Build.0 = Debug|Any CPU
		{F3C3F6A4-82B7-4E8B-9AA8-1C48CED73ACB}.Release|Any CPU.ActiveCfg = Release|Any CPU
		{F3C3F6A4-82B7-4E8B-9AA8-1C48CED73ACB}.Release|Any CPU.Build.0 = Release|Any CPU
		{3FB507F9-F300-4BC3-98DC-10839C6E35D8}.Debug|Any CPU.ActiveCfg = Debug|Any CPU
		{3FB507F9-F300-4BC3-98DC-10839C6E35D8}.Debug|Any CPU.Build.0 = Debug|Any CPU
		{3FB507F9-F300-4BC3-98DC-10839C6E35D8}.Release|Any CPU.ActiveCfg = Release|Any CPU
		{3FB507F9-F300-4BC3-98DC-10839C6E35D8}.Release|Any CPU.Build.0 = Release|Any CPU
		{14D89878-1C25-4D88-8EEF-7E49F66E2AAD}.Debug|Any CPU.ActiveCfg = Debug|Any CPU
		{14D89878-1C25-4D88-8EEF-7E49F66E2AAD}.Debug|Any CPU.Build.0 = Debug|Any CPU
		{14D89878-1C25-4D88-8EEF-7E49F66E2AAD}.Release|Any CPU.ActiveCfg = Release|Any CPU
		{14D89878-1C25-4D88-8EEF-7E49F66E2AAD}.Release|Any CPU.Build.0 = Release|Any CPU
		{6F932FFF-A9C2-47BC-81AE-063B84B13F40}.Debug|Any CPU.ActiveCfg = Debug|Any CPU
		{6F932FFF-A9C2-47BC-81AE-063B84B13F40}.Debug|Any CPU.Build.0 = Debug|Any CPU
		{6F932FFF-A9C2-47BC-81AE-063B84B13F40}.Release|Any CPU.ActiveCfg = Release|Any CPU
		{6F932FFF-A9C2-47BC-81AE-063B84B13F40}.Release|Any CPU.Build.0 = Release|Any CPU
		{426B5D1C-D6D6-4DD6-9A5D-73CB5CA61A26}.Debug|Any CPU.ActiveCfg = Debug|Any CPU
		{426B5D1C-D6D6-4DD6-9A5D-73CB5CA61A26}.Debug|Any CPU.Build.0 = Debug|Any CPU
		{426B5D1C-D6D6-4DD6-9A5D-73CB5CA61A26}.Release|Any CPU.ActiveCfg = Release|Any CPU
		{426B5D1C-D6D6-4DD6-9A5D-73CB5CA61A26}.Release|Any CPU.Build.0 = Release|Any CPU
		{A79EDE4A-4AEB-492B-9C9E-35233DF0C53E}.Debug|Any CPU.ActiveCfg = Debug|Any CPU
		{A79EDE4A-4AEB-492B-9C9E-35233DF0C53E}.Debug|Any CPU.Build.0 = Debug|Any CPU
		{A79EDE4A-4AEB-492B-9C9E-35233DF0C53E}.Release|Any CPU.ActiveCfg = Release|Any CPU
		{A79EDE4A-4AEB-492B-9C9E-35233DF0C53E}.Release|Any CPU.Build.0 = Release|Any CPU
		{470E9602-C512-4198-B249-99EDCE7AA89C}.Debug|Any CPU.ActiveCfg = Debug|Any CPU
		{470E9602-C512-4198-B249-99EDCE7AA89C}.Debug|Any CPU.Build.0 = Debug|Any CPU
		{470E9602-C512-4198-B249-99EDCE7AA89C}.Release|Any CPU.ActiveCfg = Release|Any CPU
		{470E9602-C512-4198-B249-99EDCE7AA89C}.Release|Any CPU.Build.0 = Release|Any CPU
	EndGlobalSection
	GlobalSection(NestedProjects) = preSolution
		{53D36A39-940F-434B-8F03-BB495E2FB2E6} = {4136553E-8A79-4983-BE09-E2F5D8D6D424}
		{75CC9C00-4348-46D9-AA25-1C2BAF740ECC} = {87B6A5EE-A71E-45B6-8703-686C69AE29BE}
		{F3C3F6A4-82B7-4E8B-9AA8-1C48CED73ACB} = {87B6A5EE-A71E-45B6-8703-686C69AE29BE}
		{3FB507F9-F300-4BC3-98DC-10839C6E35D8} = {87B6A5EE-A71E-45B6-8703-686C69AE29BE}
		{6F932FFF-A9C2-47BC-81AE-063B84B13F40} = {87B6A5EE-A71E-45B6-8703-686C69AE29BE}
	EndGlobalSection
EndGlobal
